{
  "markbot": "57021034b5ae661f23efebb534a04c73689d3140d645909e5a03590873054cfc",
  "index-320.png": "27bc189fb999c40b26b95db179b1d524801c6354fe631ea12b9b4484face1fab",
  "index-400.png": "4638d3f5ecaf9c84ca985eda144db037f2a1f02413f76870e61674ea5a0b7c26",
  "index-608.png": "3c917135b9d2be6bfa3990f18867c72ac39c3973ded97c18ff0cbcd4ac21b462",
  "index-960.png": "baa9aef7135465fdd43cca0dcbcf1e2425d59d683aca3c7251e5a34c5dc555b3",
  "index-1440.png": "c680619dc5ebd62e88743005bd897e92b68284be5047b1ba59a50c2cf640956e"
}